{
  "requires": true,
  "lockfileVersion": 1,
  "dependencies": {
    "@ckeditor/ckeditor5-adapter-ckfinder": {
      "version": "27.1.0",
      "resolved": "https://registry.npmjs.org/@ckeditor/ckeditor5-adapter-ckfinder/-/ckeditor5-adapter-ckfinder-27.1.0.tgz",
      "integrity": "sha512-qIuoMosLHf6AaWYs0mkBmdOGRuXg8lTbSg78IanBZy67Z+VZ+cdWnqWpYUhVhFtf8xzu8qwMe8SuScoJSOyjww==",
      "requires": {
        "ckeditor5": "^27.1.0"
      }
    },
    "@ckeditor/ckeditor5-angular": {
      "version": "2.0.1",
      "resolved": "https://registry.npmjs.org/@ckeditor/ckeditor5-angular/-/ckeditor5-angular-2.0.1.tgz",
      "integrity": "sha512-mK7HI3DAHiU1UqWq+9BPZi7n5hqO3jZpMNBymOeCRzraln4eQ+6/Ne3lgUyea0XawEdRmtjD64SIzH8MotPjNQ==",
      "requires": {
        "@ckeditor/ckeditor5-watchdog": "^23.0.0",
        "tslib": "^2.0.0"
      }
    },
    "@ckeditor/ckeditor5-autoformat": {
      "version": "27.1.0",
      "resolved": "https://registry.npmjs.org/@ckeditor/ckeditor5-autoformat/-/ckeditor5-autoformat-27.1.0.tgz",
      "integrity": "sha512-iFhPa2284DhLpyd6fI3/SCwLdgePDplTzMRccqL5IEfRKBQiTsJDbdilR+q903pBS4ZBBBAszVtR3GSWTW53Sw==",
      "requires": {
        "ckeditor5": "^27.1.0"
      }
    },
    "@ckeditor/ckeditor5-basic-styles": {
      "version": "27.1.0",
      "resolved": "https://registry.npmjs.org/@ckeditor/ckeditor5-basic-styles/-/ckeditor5-basic-styles-27.1.0.tgz",
      "integrity": "sha512-a6pHvmo6z438aVwX5NdJUd5ksNIBOjqvHBUQegCXRvHmkwG/PfiNfTobYSgdyEs7hGi5fna0d9loBWjGGgLKmQ==",
      "requires": {
        "ckeditor5": "^27.1.0"
      }
    },
    "@ckeditor/ckeditor5-block-quote": {
      "version": "27.1.0",
      "resolved": "https://registry.npmjs.org/@ckeditor/ckeditor5-block-quote/-/ckeditor5-block-quote-27.1.0.tgz",
      "integrity": "sha512-V8o4ZklhO6pFnvTpWQZXkQ1wJ4SNf0tOX8KG9oRtm1FxuZ7KRNPJRJ0dW/bvtN3v0tzq0Gx/glcgJMhfjiO/8g==",
      "requires": {
        "ckeditor5": "^27.1.0"
      }
    },
    "@ckeditor/ckeditor5-build-classic": {
      "version": "27.1.0",
      "resolved": "https://registry.npmjs.org/@ckeditor/ckeditor5-build-classic/-/ckeditor5-build-classic-27.1.0.tgz",
      "integrity": "sha512-cxkYD0Mjz7SuhUfuQ66ThdqrBiPCX65q2oQZvgeXvLK5XiCkinysmpEF2CAVx2Tv2ICB6QdA781uEMozqtJw0w==",
      "requires": {
        "@ckeditor/ckeditor5-adapter-ckfinder": "^27.1.0",
        "@ckeditor/ckeditor5-autoformat": "^27.1.0",
        "@ckeditor/ckeditor5-basic-styles": "^27.1.0",
        "@ckeditor/ckeditor5-block-quote": "^27.1.0",
        "@ckeditor/ckeditor5-ckfinder": "^27.1.0",
        "@ckeditor/ckeditor5-cloud-services": "^27.1.0",
        "@ckeditor/ckeditor5-easy-image": "^27.1.0",
        "@ckeditor/ckeditor5-editor-classic": "^27.1.0",
        "@ckeditor/ckeditor5-essentials": "^27.1.0",
        "@ckeditor/ckeditor5-heading": "^27.1.0",
        "@ckeditor/ckeditor5-image": "^27.1.0",
        "@ckeditor/ckeditor5-indent": "^27.1.0",
        "@ckeditor/ckeditor5-link": "^27.1.0",
        "@ckeditor/ckeditor5-list": "^27.1.0",
        "@ckeditor/ckeditor5-media-embed": "^27.1.0",
        "@ckeditor/ckeditor5-paragraph": "^27.1.0",
        "@ckeditor/ckeditor5-paste-from-office": "^27.1.0",
        "@ckeditor/ckeditor5-table": "^27.1.0",
        "@ckeditor/ckeditor5-typing": "^27.1.0"
      }
    },
    "@ckeditor/ckeditor5-ckfinder": {
      "version": "27.1.0",
      "resolved": "https://registry.npmjs.org/@ckeditor/ckeditor5-ckfinder/-/ckeditor5-ckfinder-27.1.0.tgz",
      "integrity": "sha512-AiuH1dsKF1bA7SP0MAYMANkbEn01+yARw8sekmYU+OgCm+vzylyhkEAykPXhuJBOaosfMWsfVXZHu6kJ+2Yiiw==",
      "requires": {
        "ckeditor5": "^27.1.0"
      }
    },
    "@ckeditor/ckeditor5-clipboard": {
      "version": "27.1.0",
      "resolved": "https://registry.npmjs.org/@ckeditor/ckeditor5-clipboard/-/ckeditor5-clipboard-27.1.0.tgz",
      "integrity": "sha512-nJnJgv8Fuqol2cl6CkbSDwjCu3y8pTS5Y/KJnA/JnTG0QcZczdQTjMIFl3ZP2/53JR5QekATIKmp1wcUAP/L1A==",
      "requires": {
        "@ckeditor/ckeditor5-core": "^27.1.0",
        "@ckeditor/ckeditor5-engine": "^27.1.0",
        "@ckeditor/ckeditor5-utils": "^27.1.0",
        "@ckeditor/ckeditor5-widget": "^27.1.0",
        "lodash-es": "^4.17.11"
      }
    },
    "@ckeditor/ckeditor5-cloud-services": {
      "version": "27.1.0",
      "resolved": "https://registry.npmjs.org/@ckeditor/ckeditor5-cloud-services/-/ckeditor5-cloud-services-27.1.0.tgz",
      "integrity": "sha512-qZQu8f6h1hYdbFCKRiW0w6tiRsWpz3XBnYLrVHzjl+FPYzDSsAHidHOqwOIxW1fah6j8jH2gArTM7pEOLRNonA==",
      "requires": {
        "ckeditor5": "^27.1.0"
      }
    },
    "@ckeditor/ckeditor5-core": {
      "version": "27.1.0",
      "resolved": "https://registry.npmjs.org/@ckeditor/ckeditor5-core/-/ckeditor5-core-27.1.0.tgz",
      "integrity": "sha512-4K30Qw2jYHMt6Yk4+Covi4b39XO3znM7/VPRh7mcq/MBbHxK4dTrX/UBWtsYrgFBg6KPteNKU03aT9GDMsbvBw==",
      "requires": {
        "@ckeditor/ckeditor5-engine": "^27.1.0",
        "@ckeditor/ckeditor5-ui": "^27.1.0",
        "@ckeditor/ckeditor5-utils": "^27.1.0",
        "lodash-es": "^4.17.15"
      }
    },
    "@ckeditor/ckeditor5-easy-image": {
      "version": "27.1.0",
      "resolved": "https://registry.npmjs.org/@ckeditor/ckeditor5-easy-image/-/ckeditor5-easy-image-27.1.0.tgz",
      "integrity": "sha512-JX1VZhDGfZlxcAbeavV+KHfuOkRvvMDzRpLvFGeczeaXveCnMG0txDyiVFNHRR+NpSiCUO5gbTo9XMh4E8STAA==",
      "requires": {
        "ckeditor5": "^27.1.0"
      }
    },
    "@ckeditor/ckeditor5-editor-classic": {
      "version": "27.1.0",
      "resolved": "https://registry.npmjs.org/@ckeditor/ckeditor5-editor-classic/-/ckeditor5-editor-classic-27.1.0.tgz",
      "integrity": "sha512-pTPKvqWVTGPF8p0dhvu9VP0vXrb7U1BDoRNI2QZN2gEl7vo6LbREw+vEliJkNy9z+QzjNhmRJW0y3sNyAKlw7A==",
      "requires": {
        "ckeditor5": "^27.1.0",
        "lodash-es": "^4.17.15"
      }
    },
    "@ckeditor/ckeditor5-engine": {
      "version": "27.1.0",
      "resolved": "https://registry.npmjs.org/@ckeditor/ckeditor5-engine/-/ckeditor5-engine-27.1.0.tgz",
      "integrity": "sha512-lGvIYexhhCTo5lZqf8EqS25hCpayPY/wQZXvnReFylB24aztUacOBYK2sgNOmwBnzKjpv90Y7GKEpdDL/8CDSg==",
      "requires": {
        "@ckeditor/ckeditor5-utils": "^27.1.0",
        "lodash-es": "^4.17.15"
      }
    },
    "@ckeditor/ckeditor5-enter": {
      "version": "27.1.0",
      "resolved": "https://registry.npmjs.org/@ckeditor/ckeditor5-enter/-/ckeditor5-enter-27.1.0.tgz",
      "integrity": "sha512-vqldhUklSYQhpZDXyVJ9dEvl9zK0V8L5kPXicsONaICmnRO0uRD9Q2zIyv+R62sIrTvF3fTJvDCH4kjZog09lQ==",
      "requires": {
        "@ckeditor/ckeditor5-core": "^27.1.0",
        "@ckeditor/ckeditor5-engine": "^27.1.0",
        "@ckeditor/ckeditor5-utils": "^27.1.0"
      }
    },
    "@ckeditor/ckeditor5-essentials": {
      "version": "27.1.0",
      "resolved": "https://registry.npmjs.org/@ckeditor/ckeditor5-essentials/-/ckeditor5-essentials-27.1.0.tgz",
      "integrity": "sha512-BneCm9uOD4ir+Tji2ADgYVwHWE54bJ6OpZza8UNIKvo9koGaFB5jmT6M2xXwK508RusiRlvgGrd2M4qa7CWM0A==",
      "requires": {
        "ckeditor5": "^27.1.0"
      }
    },
    "@ckeditor/ckeditor5-heading": {
      "version": "27.1.0",
      "resolved": "https://registry.npmjs.org/@ckeditor/ckeditor5-heading/-/ckeditor5-heading-27.1.0.tgz",
      "integrity": "sha512-KLJXOWns3Hk1CbTl7gxDaO115fYn6eRUz8fBs/wI544qbpyX8xdnVtNGO+9CMbsA7StmIPEBzXAYbnqcIjc6lg==",
      "requires": {
        "ckeditor5": "^27.1.0"
      }
    },
    "@ckeditor/ckeditor5-image": {
      "version": "27.1.0",
      "resolved": "https://registry.npmjs.org/@ckeditor/ckeditor5-image/-/ckeditor5-image-27.1.0.tgz",
      "integrity": "sha512-RN35K95TdWfVQLjravmh7mRjtKXozbIv7Ox0pWRblMwUQO4/miZmNCdkVCae9FtWpTaKGMsehT5pDuACg5MU2A==",
      "requires": {
        "@ckeditor/ckeditor5-ui": "^27.1.0",
        "ckeditor5": "^27.1.0"
      }
    },
    "@ckeditor/ckeditor5-indent": {
      "version": "27.1.0",
      "resolved": "https://registry.npmjs.org/@ckeditor/ckeditor5-indent/-/ckeditor5-indent-27.1.0.tgz",
      "integrity": "sha512-6yswg+LGMwQUWp77FTk1x5dFRfkC+4r2w79R2pT0QX/slw8/4eC32kflaVIKiVN+NoO38SWS48raqMu7iWdybw==",
      "requires": {
        "ckeditor5": "^27.1.0"
      }
    },
    "@ckeditor/ckeditor5-link": {
      "version": "27.1.0",
      "resolved": "https://registry.npmjs.org/@ckeditor/ckeditor5-link/-/ckeditor5-link-27.1.0.tgz",
      "integrity": "sha512-BCLvzqoFFWTNploi0WX9/Qn+zxmPN3gSySX4B4yTAl8K9mdJ6/diRXsWFjuzgt80Lp1USIX7MeGLJvxeep5tlw==",
      "requires": {
        "@ckeditor/ckeditor5-ui": "^27.1.0",
        "ckeditor5": "^27.1.0",
        "lodash-es": "^4.17.15"
      }
    },
    "@ckeditor/ckeditor5-list": {
      "version": "27.1.0",
      "resolved": "https://registry.npmjs.org/@ckeditor/ckeditor5-list/-/ckeditor5-list-27.1.0.tgz",
      "integrity": "sha512-Cq9lAnxpx6OrIQuOdqfy+O4JuUh30NVUHFhzJvj0A+p5pLOESyOkchZ2tRNYoK5J7pWJFi/rmM0uvCE3ESouRg==",
      "requires": {
        "ckeditor5": "^27.1.0"
      }
    },
    "@ckeditor/ckeditor5-media-embed": {
      "version": "27.1.0",
      "resolved": "https://registry.npmjs.org/@ckeditor/ckeditor5-media-embed/-/ckeditor5-media-embed-27.1.0.tgz",
      "integrity": "sha512-yINfmdvkO7W+hGadquuRr2X20eDS+2ewijhzdbegp+YWuARzTLdvrUTydtLY5IsCSzK5/80P4hYIKSw49IAAiQ==",
      "requires": {
        "@ckeditor/ckeditor5-ui": "^27.1.0",
        "ckeditor5": "^27.1.0"
      }
    },
    "@ckeditor/ckeditor5-paragraph": {
      "version": "27.1.0",
      "resolved": "https://registry.npmjs.org/@ckeditor/ckeditor5-paragraph/-/ckeditor5-paragraph-27.1.0.tgz",
      "integrity": "sha512-zNy+GzWgcf0Oo/AshtwDbfgwQ8UlR1rs3tQpSPyYU7/8FbrqrdVv6JUzUlsBqcMHi06O+RT4HT5yFEaOYYbUVg==",
      "requires": {
        "@ckeditor/ckeditor5-core": "^27.1.0",
        "@ckeditor/ckeditor5-ui": "^27.1.0",
        "@ckeditor/ckeditor5-utils": "^27.1.0"
      }
    },
    "@ckeditor/ckeditor5-paste-from-office": {
      "version": "27.1.0",
      "resolved": "https://registry.npmjs.org/@ckeditor/ckeditor5-paste-from-office/-/ckeditor5-paste-from-office-27.1.0.tgz",
      "integrity": "sha512-G+pQPSXH0QDHBKLZ+xQ3aaqgyqF3kRqBZHW/KWaJBzEmqFrgQSeGfuFnQmrQNInOuTJ/9wLF2ZRiyLZP6rbzow==",
      "requires": {
        "ckeditor5": "^27.1.0"
      }
    },
    "@ckeditor/ckeditor5-select-all": {
      "version": "27.1.0",
      "resolved": "https://registry.npmjs.org/@ckeditor/ckeditor5-select-all/-/ckeditor5-select-all-27.1.0.tgz",
      "integrity": "sha512-vTFgOpKNOLmBYEaK6pA/7XFzUZ6jaXChLVk1PW5LpfadAZ01xlL8ZK3YF4ZIQSjKct6LJgCF3BqfKpWgHvnObw==",
      "requires": {
        "@ckeditor/ckeditor5-core": "^27.1.0",
        "@ckeditor/ckeditor5-ui": "^27.1.0",
        "@ckeditor/ckeditor5-utils": "^27.1.0"
      }
    },
    "@ckeditor/ckeditor5-table": {
      "version": "27.1.0",
      "resolved": "https://registry.npmjs.org/@ckeditor/ckeditor5-table/-/ckeditor5-table-27.1.0.tgz",
      "integrity": "sha512-2k0LEli45lD0vRu+sLj5Gs5o+kcDLg6IiMUB7/GtM+SN9JAclN1ZPtodagOCafR3rrkeixayZ4Lk0vomjuCtKw==",
      "requires": {
        "ckeditor5": "^27.1.0",
        "lodash-es": "^4.17.15"
      }
    },
    "@ckeditor/ckeditor5-typing": {
      "version": "27.1.0",
      "resolved": "https://registry.npmjs.org/@ckeditor/ckeditor5-typing/-/ckeditor5-typing-27.1.0.tgz",
      "integrity": "sha512-MfwNEYaAuaz1kPyHwfT1gtRE4DwnjaYwRbW9EH53Dsu+eSTCAc/4A0z+VVJ4aBlRADkPeNAQ3ecK0kVJNb55yw==",
      "requires": {
        "@ckeditor/ckeditor5-core": "^27.1.0",
        "@ckeditor/ckeditor5-engine": "^27.1.0",
        "@ckeditor/ckeditor5-utils": "^27.1.0",
        "lodash-es": "^4.17.15"
      }
    },
    "@ckeditor/ckeditor5-ui": {
      "version": "27.1.0",
      "resolved": "https://registry.npmjs.org/@ckeditor/ckeditor5-ui/-/ckeditor5-ui-27.1.0.tgz",
      "integrity": "sha512-rGzGjgxSZjKFpkUB0MjpvYqQW9lZNVinBpBgOD/j0Q8OZ/HohLIJJBRaQbEKLJgIR0BXPNPQSC4NQt44Vc1YBw==",
      "requires": {
        "@ckeditor/ckeditor5-utils": "^27.1.0",
        "ckeditor5": "^27.1.0",
        "lodash-es": "^4.17.15"
      }
    },
    "@ckeditor/ckeditor5-undo": {
      "version": "27.1.0",
      "resolved": "https://registry.npmjs.org/@ckeditor/ckeditor5-undo/-/ckeditor5-undo-27.1.0.tgz",
      "integrity": "sha512-Z/iBrfcXgYOj5NBgqZqodvQ0tMhIqaErMamIX2DU0XCUbcWDomU+z5gHAHj6JzmX8C3cwpOhivOvgX2A+dUvAg==",
      "requires": {
        "@ckeditor/ckeditor5-core": "^27.1.0",
        "@ckeditor/ckeditor5-engine": "^27.1.0",
        "@ckeditor/ckeditor5-ui": "^27.1.0"
      }
    },
    "@ckeditor/ckeditor5-upload": {
      "version": "27.1.0",
      "resolved": "https://registry.npmjs.org/@ckeditor/ckeditor5-upload/-/ckeditor5-upload-27.1.0.tgz",
      "integrity": "sha512-VYqvxl8zI9C2Lt3RFlqJv8li0p3yRCRpnyU1yRCzQCwihZMq4nK111C6IBAiUt7cdWPVPfP8vlPKzA2S0q1Tig==",
      "requires": {
        "@ckeditor/ckeditor5-core": "^27.1.0",
        "@ckeditor/ckeditor5-ui": "^27.1.0",
        "@ckeditor/ckeditor5-utils": "^27.1.0"
      }
    },
    "@ckeditor/ckeditor5-utils": {
      "version": "27.1.0",
      "resolved": "https://registry.npmjs.org/@ckeditor/ckeditor5-utils/-/ckeditor5-utils-27.1.0.tgz",
      "integrity": "sha512-7hFK2jUmUJEcgYITr0YtXVf1/FZkOPgMG/wAkOfpd2EYZJ31szNXVFRiYucmxpdRYvqJ4F1YsQQcRITcMc5twg==",
      "requires": {
        "lodash-es": "^4.17.15"
      }
    },
    "@ckeditor/ckeditor5-watchdog": {
      "version": "23.1.0",
      "resolved": "https://registry.npmjs.org/@ckeditor/ckeditor5-watchdog/-/ckeditor5-watchdog-23.1.0.tgz",
      "integrity": "sha512-LQSWhsNPDsFPvxU+8O40pu/rPE2U7s4WobPcJm/6qKcM+WkTGdDG4rVuo5sackua3MulUeLGlfZSqFtX6Zsuag==",
      "requires": {
        "lodash-es": "^4.17.15"
      }
    },
    "@ckeditor/ckeditor5-widget": {
      "version": "27.1.0",
      "resolved": "https://registry.npmjs.org/@ckeditor/ckeditor5-widget/-/ckeditor5-widget-27.1.0.tgz",
      "integrity": "sha512-DpdwcWjXKHxoOZmFmc+2vIq8Nr4hA5140zxO3IIMrUiydcZJyOp2atHiPV7idBi5gR8ct+asQ3nW+cwVELQuhQ==",
      "requires": {
        "@ckeditor/ckeditor5-core": "^27.1.0",
        "@ckeditor/ckeditor5-engine": "^27.1.0",
        "@ckeditor/ckeditor5-enter": "^27.1.0",
        "@ckeditor/ckeditor5-typing": "^27.1.0",
        "@ckeditor/ckeditor5-ui": "^27.1.0",
        "@ckeditor/ckeditor5-utils": "^27.1.0",
        "lodash-es": "^4.17.15"
      }
    },
    "ckeditor5": {
      "version": "27.1.0",
      "resolved": "https://registry.npmjs.org/ckeditor5/-/ckeditor5-27.1.0.tgz",
      "integrity": "sha512-XBoMqrML4mmQozSBXgZfFUBJPN3ErTls0wQhP8YkOiglhNXSBaLIE07QKcB0/H/lA2luqxijJGSXw7sr5SWE1A==",
      "requires": {
        "@ckeditor/ckeditor5-clipboard": "^27.1.0",
        "@ckeditor/ckeditor5-core": "^27.1.0",
        "@ckeditor/ckeditor5-engine": "^27.1.0",
        "@ckeditor/ckeditor5-enter": "^27.1.0",
        "@ckeditor/ckeditor5-paragraph": "^27.1.0",
        "@ckeditor/ckeditor5-select-all": "^27.1.0",
        "@ckeditor/ckeditor5-typing": "^27.1.0",
        "@ckeditor/ckeditor5-ui": "^27.1.0",
        "@ckeditor/ckeditor5-undo": "^27.1.0",
        "@ckeditor/ckeditor5-upload": "^27.1.0",
        "@ckeditor/ckeditor5-utils": "^27.1.0",
        "@ckeditor/ckeditor5-widget": "^27.1.0"
      }
    },
    "lodash-es": {
      "version": "4.17.21",
      "resolved": "https://registry.npmjs.org/lodash-es/-/lodash-es-4.17.21.tgz",
      "integrity": "sha512-mKnC+QJ9pWVzv+C4/U3rRsHapFfHvQFoFB92e52xeyGMcX6/OlIl78je1u8vePzYZSkkogMPJ2yjxxsb89cxyw=="
    },
    "tslib": {
      "version": "2.2.0",
      "resolved": "https://registry.npmjs.org/tslib/-/tslib-2.2.0.tgz",
      "integrity": "sha512-gS9GVHRU+RGn5KQM2rllAlR3dU6m7AcpJKdtH8gFvQiC4Otgk98XnmMU+nZenHt/+VhnBPWwgrJsyrdcw6i23w=="
    }
  }
}
