
Microsoft Visual Studio Solution File, Format Version 12.00
# Visual Studio Version 16
VisualStudioVersion = 16.0.30907.101
MinimumVisualStudioVersion = 10.0.40219.1
Project("{9A19103F-16F7-4668-BE54-9A1E7A4F7556}") = "WebClient", "WebClient\WebClient.csproj", "{7327DD02-F5B3-4704-83E4-9EBCFAD50B69}"
EndProject
Project("{9A19103F-16F7-4668-BE54-9A1E7A4F7556}") = "APIGateway", "APIGateway\APIGateway.csproj", "{4706299F-CC08-44DD-A4A0-4203BAA83672}"
EndProject
Project("{9A19103F-16F7-4668-BE54-9A1E7A4F7556}") = "Microservices.Models", "Microservices.Models\Microservices.Models.csproj", "{5DA541FD-A865-477C-9425-1537C68B0D93}"
EndProject
Project("{9A19103F-16F7-4668-BE54-9A1E7A4F7556}") = "Microservices.Users", "Microservices.Users\Microservices.Users.csproj", "{EBA1E54F-9AFB-4055-9DC5-B8C9A135C3BA}"
EndProject
Project("{9A19103F-16F7-4668-BE54-9A1E7A4F7556}") = "Send", "Send\Send.csproj", "{FEFA7C5C-1681-4A61-95A0-43A63F3FA764}"
EndProject
Project("{9A19103F-16F7-4668-BE54-9A1E7A4F7556}") = "Worker", "Worker\Worker.csproj", "{4BC6E894-BC0E-4AFF-AB89-163F064CB43E}"
EndProject
Project("{9A19103F-16F7-4668-BE54-9A1E7A4F7556}") = "Microservices.Posts", "Microservices.Questions\Microservices.Posts.csproj", "{C0B90F26-091F-4F19-9598-C312A8461FB5}"
EndProject
Project("{9A19103F-16F7-4668-BE54-9A1E7A4F7556}") = "Microservices.Answers", "Microservices.Answers\Microservices.Answers.csproj", "{F088EC5B-A93E-4AAC-B945-67BE4335B84C}"
EndProject
Project("{9A19103F-16F7-4668-BE54-9A1E7A4F7556}") = "Microservices.Ratings", "Microservices.Ratings\Microservices.Ratings.csproj", "{2917C788-86A0-4D68-BA7A-303189061BBD}"
EndProject
Global
	GlobalSection(SolutionConfigurationPlatforms) = preSolution
		Debug|Any CPU = Debug|Any CPU
		Release|Any CPU = Release|Any CPU
	EndGlobalSection
	GlobalSection(ProjectConfigurationPlatforms) = postSolution
		{7327DD02-F5B3-4704-83E4-9EBCFAD50B69}.Debug|Any CPU.ActiveCfg = Debug|Any CPU
		{7327DD02-F5B3-4704-83E4-9EBCFAD50B69}.Debug|Any CPU.Build.0 = Debug|Any CPU
		{7327DD02-F5B3-4704-83E4-9EBCFAD50B69}.Release|Any CPU.ActiveCfg = Release|Any CPU
		{7327DD02-F5B3-4704-83E4-9EBCFAD50B69}.Release|Any CPU.Build.0 = Release|Any CPU
		{4706299F-CC08-44DD-A4A0-4203BAA83672}.Debug|Any CPU.ActiveCfg = Debug|Any CPU
		{4706299F-CC08-44DD-A4A0-4203BAA83672}.Debug|Any CPU.Build.0 = Debug|Any CPU
		{4706299F-CC08-44DD-A4A0-4203BAA83672}.Release|Any CPU.ActiveCfg = Release|Any CPU
		{4706299F-CC08-44DD-A4A0-4203BAA83672}.Release|Any CPU.Build.0 = Release|Any CPU
		{5DA541FD-A865-477C-9425-1537C68B0D93}.Debug|Any CPU.ActiveCfg = Debug|Any CPU
		{5DA541FD-A865-477C-9425-1537C68B0D93}.Debug|Any CPU.Build.0 = Debug|Any CPU
		{5DA541FD-A865-477C-9425-1537C68B0D93}.Release|Any CPU.ActiveCfg = Release|Any CPU
		{5DA541FD-A865-477C-9425-1537C68B0D93}.Release|Any CPU.Build.0 = Release|Any CPU
		{EBA1E54F-9AFB-4055-9DC5-B8C9A135C3BA}.Debug|Any CPU.ActiveCfg = Debug|Any CPU
		{EBA1E54F-9AFB-4055-9DC5-B8C9A135C3BA}.Debug|Any CPU.Build.0 = Debug|Any CPU
		{EBA1E54F-9AFB-4055-9DC5-B8C9A135C3BA}.Release|Any CPU.ActiveCfg = Release|Any CPU
		{EBA1E54F-9AFB-4055-9DC5-B8C9A135C3BA}.Release|Any CPU.Build.0 = Release|Any CPU
		{FEFA7C5C-1681-4A61-95A0-43A63F3FA764}.Debug|Any CPU.ActiveCfg = Debug|Any CPU
		{FEFA7C5C-1681-4A61-95A0-43A63F3FA764}.Debug|Any CPU.Build.0 = Debug|Any CPU
		{FEFA7C5C-1681-4A61-95A0-43A63F3FA764}.Release|Any CPU.ActiveCfg = Release|Any CPU
		{FEFA7C5C-1681-4A61-95A0-43A63F3FA764}.Release|Any CPU.Build.0 = Release|Any CPU
		{4BC6E894-BC0E-4AFF-AB89-163F064CB43E}.Debug|Any CPU.ActiveCfg = Debug|Any CPU
		{4BC6E894-BC0E-4AFF-AB89-163F064CB43E}.Debug|Any CPU.Build.0 = Debug|Any CPU
		{4BC6E894-BC0E-4AFF-AB89-163F064CB43E}.Release|Any CPU.ActiveCfg = Release|Any CPU
		{4BC6E894-BC0E-4AFF-AB89-163F064CB43E}.Release|Any CPU.Build.0 = Release|Any CPU
		{C0B90F26-091F-4F19-9598-C312A8461FB5}.Debug|Any CPU.ActiveCfg = Debug|Any CPU
		{C0B90F26-091F-4F19-9598-C312A8461FB5}.Debug|Any CPU.Build.0 = Debug|Any CPU
		{C0B90F26-091F-4F19-9598-C312A8461FB5}.Release|Any CPU.ActiveCfg = Release|Any CPU
		{C0B90F26-091F-4F19-9598-C312A8461FB5}.Release|Any CPU.Build.0 = Release|Any CPU
		{F088EC5B-A93E-4AAC-B945-67BE4335B84C}.Debug|Any CPU.ActiveCfg = Debug|Any CPU
		{F088EC5B-A93E-4AAC-B945-67BE4335B84C}.Debug|Any CPU.Build.0 = Debug|Any CPU
		{F088EC5B-A93E-4AAC-B945-67BE4335B84C}.Release|Any CPU.ActiveCfg = Release|Any CPU
		{F088EC5B-A93E-4AAC-B945-67BE4335B84C}.Release|Any CPU.Build.0 = Release|Any CPU
		{2917C788-86A0-4D68-BA7A-303189061BBD}.Debug|Any CPU.ActiveCfg = Debug|Any CPU
		{2917C788-86A0-4D68-BA7A-303189061BBD}.Debug|Any CPU.Build.0 = Debug|Any CPU
		{2917C788-86A0-4D68-BA7A-303189061BBD}.Release|Any CPU.ActiveCfg = Release|Any CPU
		{2917C788-86A0-4D68-BA7A-303189061BBD}.Release|Any CPU.Build.0 = Release|Any CPU
	EndGlobalSection
	GlobalSection(SolutionProperties) = preSolution
		HideSolutionNode = FALSE
	EndGlobalSection
	GlobalSection(ExtensibilityGlobals) = postSolution
		SolutionGuid = {D4E430A1-6175-406C-828F-4A97B13199AA}
	EndGlobalSection
EndGlobal
